// !$*UTF8*$!
{
	archiveVersion = 1;
	classes = {
	};
	objectVersion = 55;
	objects = {

/* Begin PBXBuildFile section */
		390305DA272D83BF0015AE68 /* MNIST_IMG_Recognizer.mlmodel in Sources */ = {isa = PBXBuildFile; fileRef = 390305D9272D83BF0015AE68 /* MNIST_IMG_Recognizer.mlmodel */; };
		3932EE39272B3A840020C500 /* NumberRecognizer2_0App.swift in Sources */ = {isa = PBXBuildFile; fileRef = 3932EE38272B3A840020C500 /* NumberRecognizer2_0App.swift */; };
		3932EE3B272B3A840020C500 /* ContentView.swift in Sources */ = {isa = PBXBuildFile; fileRef = 3932EE3A272B3A840020C500 /* ContentView.swift */; };
		3932EE3D272B3A8B0020C500 /* Assets.xcassets in Resources */ = {isa = PBXBuildFile; fileRef = 3932EE3C272B3A8B0020C500 /* Assets.xcassets */; };
		3932EE40272B3A8B0020C500 /* Preview Assets.xcassets in Resources */ = {isa = PBXBuildFile; fileRef = 3932EE3F272B3A8B0020C500 /* Preview Assets.xcassets */; };
		3932EE4B272B3ABA0020C500 /* DrawingArea.swift in Sources */ = {isa = PBXBuildFile; fileRef = 3932EE4A272B3ABA0020C500 /* DrawingArea.swift */; };
/* End PBXBuildFile section */

/* Begin PBXFileReference section */
		390305D9272D83BF0015AE68 /* MNIST_IMG_Recognizer.mlmodel */ = {isa = PBXFileReference; lastKnownFileType = file.mlmodel; path = MNIST_IMG_Recognizer.mlmodel; sourceTree = "<group>"; };
		3932EE35272B3A840020C500 /* NumberRecognizer2.0.app */ = {isa = PBXFileReference; explicitFileType = wrapper.application; includeInIndex = 0; path = NumberRecognizer2.0.app; sourceTree = BUILT_PRODUCTS_DIR; };
		3932EE38272B3A840020C500 /* NumberRecognizer2_0App.swift */ = {isa = PBXFileReference; lastKnownFileType = sourcecode.swift; path = NumberRecognizer2_0App.swift; sourceTree = "<group>"; };
		3932EE3A272B3A840020C500 /* ContentView.swift */ = {isa = PBXFileReference; lastKnownFileType = sourcecode.swift; path = ContentView.swift; sourceTree = "<group>"; };
		3932EE3C272B3A8B0020C500 /* Assets.xcassets */ = {isa = PBXFileReference; lastKnownFileType = folder.assetcatalog; path = Assets.xcassets; sourceTree = "<group>"; };
		3932EE3F272B3A8B0020C500 /* Preview Assets.xcassets */ = {isa = PBXFileReference; lastKnownFileType = folder.assetcatalog; path = "Preview Assets.xcassets"; sourceTree = "<group>"; };
		3932EE4A272B3ABA0020C500 /* DrawingArea.swift */ = {isa = PBXFileReference; lastKnownFileType = sourcecode.swift; path = DrawingArea.swift; sourceTree = "<group>"; };
/* End PBXFileReference section */

/* Begin PBXFrameworksBuildPhase section */
		3932EE32272B3A840020C500 /* Frameworks */ = {
			isa = PBXFrameworksBuildPhase;
			buildActionMask = 2147483647;
			files = (
			);
			runOnlyForDeploymentPostprocessing = 0;
		};
/* End PBXFrameworksBuildPhase section */

/* Begin PBXGroup section */
		3932EE2C272B3A840020C500 = {
			isa = PBXGroup;
			children = (
				3932EE37272B3A840020C500 /* NumberRecognizer2.0 */,
				3932EE36272B3A840020C500 /* Products */,
			);
			sourceTree = "<group>";
		};
		3932EE36272B3A840020C500 /* Products */ = {
			isa = PBXGroup;
			children = (
				3932EE35272B3A840020C500 /* NumberRecognizer2.0.app */,
			);
			name = Products;
			sourceTree = "<group>";
		};
		3932EE37272B3A840020C500 /* NumberRecognizer2.0 */ = {
			isa = PBXGroup;
			children = (
				390305D9272D83BF0015AE68 /* MNIST_IMG_Recognizer.mlmodel */,
				3932EE46272B3A940020C500 /* View */,
				3932EE38272B3A840020C500 /* NumberRecognizer2_0App.swift */,
				3932EE3A272B3A840020C500 /* ContentView.swift */,
				3932EE3C272B3A8B0020C500 /* Assets.xcassets */,
				3932EE3E272B3A8B0020C500 /* Preview Content */,
			);
			path = NumberRecognizer2.0;
			sourceTree = "<group>";
		};
		3932EE3E272B3A8B0020C500 /* Preview Content */ = {
			isa = PBXGroup;
			children = (
				3932EE3F272B3A8B0020C500 /* Preview Assets.xcassets */,
			);
			path = "Preview Content";
			sourceTree = "<group>";
		};
		3932EE46272B3A940020C500 /* View */ = {
			isa = PBXGroup;
			children = (
				3932EE4A272B3ABA0020C500 /* DrawingArea.swift */,
			);
			path = View;
			sourceTree = "<group>";
		};
/* End PBXGroup section */

/* Begin PBXNativeTarget section */
		3932EE34272B3A840020C500 /* NumberRecognizer2.0 */ = {
			isa = PBXNativeTarget;
			buildConfigurationList = 3932EE43272B3A8B0020C500 /* Build configuration list for PBXNativeTarget "NumberRecognizer2.0" */;
			buildPhases = (
				3932EE31272B3A840020C500 /* Sources */,
				3932EE32272B3A840020C500 /* Frameworks */,
				3932EE33272B3A840020C500 /* Resources */,
			);
			buildRules = (
			);
			dependencies = (
			);
			name = NumberRecognizer2.0;
			productName = NumberRecognizer2.0;
			productReference = 3932EE35272B3A840020C500 /* NumberRecognizer2.0.app */;
			productType = "com.apple.product-type.application";
		};
/* End PBXNativeTarget section */

/* Begin PBXProject section */
		3932EE2D272B3A840020C500 /* Project object */ = {
			isa = PBXProject;
			attributes = {
				BuildIndependentTargetsInParallel = 1;
				LastSwiftUpdateCheck = 1300;
				LastUpgradeCheck = 1300;
				TargetAttributes = {
					3932EE34272B3A840020C500 = {
						CreatedOnToolsVersion = 13.0;
					};
				};
			};
			buildConfigurationList = 3932EE30272B3A840020C500 /* Build configuration list for PBXProject "NumberRecognizer2.0" */;
			compatibilityVersion = "Xcode 13.0";
			developmentRegion = en;
			hasScannedForEncodings = 0;
			knownRegions = (
				en,
				Base,
			);
			mainGroup = 3932EE2C272B3A840020C500;
			productRefGroup = 3932EE36272B3A840020C500 /* Products */;
			projectDirPath = "";
			projectRoot = "";
			targets = (
				3932EE34272B3A840020C500 /* NumberRecognizer2.0 */,
			);
		};
/* End PBXProject section */

/* Begin PBXResourcesBuildPhase section */
		3932EE33272B3A840020C500 /* Resources */ = {
			isa = PBXResourcesBuildPhase;
			buildActionMask = 2147483647;
			files = (
				3932EE40272B3A8B0020C500 /* Preview Assets.xcassets in Resources */,
				3932EE3D272B3A8B0020C500 /* Assets.xcassets in Resources */,
			);
			runOnlyForDeploymentPostprocessing = 0;
		};
/* End PBXResourcesBuildPhase section */

/* Begin PBXSourcesBuildPhase section */
		3932EE31272B3A840020C500 /* Sources */ = {
			isa = PBXSourcesBuildPhase;
			buildActionMask = 2147483647;
			files = (
				3932EE3B272B3A840020C500 /* ContentView.swift in Sources */,
				3932EE4B272B3ABA0020C500 /* DrawingArea.swift in Sources */,
				390305DA272D83BF0015AE68 /* MNIST_IMG_Recognizer.mlmodel in Sources */,
				3932EE39272B3A840020C500 /* NumberRecognizer2_0App.swift in Sources */,
			);
			runOnlyForDeploymentPostprocessing = 0;
		};
/* End PBXSourcesBuildPhase section */

/* Begin XCBuildConfiguration section */
		3932EE41272B3A8B0020C500 /* Debug */ = {
			isa = XCBuildConfiguration;
			buildSettings = {
				ALWAYS_SEARCH_USER_PATHS = NO;
				CLANG_ANALYZER_NONNULL = YES;
				CLANG_ANALYZER_NUMBER_OBJECT_CONVERSION = YES_AGGRESSIVE;
				CLANG_CXX_LANGUAGE_STANDARD = "gnu++17";
				CLANG_CXX_LIBRARY = "libc++";
				CLANG_ENABLE_MODULES = YES;
				CLANG_ENABLE_OBJC_ARC = YES;
				CLANG_ENABLE_OBJC_WEAK = YES;
				CLANG_WARN_BLOCK_CAPTURE_AUTORELEASING = YES;
				CLANG_WARN_BOOL_CONVERSION = YES;
				CLANG_WARN_COMMA = YES;
				CLANG_WARN_CONSTANT_CONVERSION = YES;
				CLANG_WARN_DEPRECATED_OBJC_IMPLEMENTATIONS = YES;
				CLANG_WARN_DIRECT_OBJC_ISA_USAGE = YES_ERROR;
				CLANG_WARN_DOCUMENTATION_COMMENTS = YES;
				CLANG_WARN_EMPTY_BODY = YES;
				CLANG_WARN_ENUM_CONVERSION = YES;
				CLANG_WARN_INFINITE_RECURSION = YES;
				CLANG_WARN_INT_CONVERSION = YES;
				CLANG_WARN_NON_LITERAL_NULL_CONVERSION = YES;
				CLANG_WARN_OBJC_IMPLICIT_RETAIN_SELF = YES;
				CLANG_WARN_OBJC_LITERAL_CONVERSION = YES;
				CLANG_WARN_OBJC_ROOT_CLASS = YES_ERROR;
				CLANG_WARN_QUOTED_INCLUDE_IN_FRAMEWORK_HEADER = YES;
				CLANG_WARN_RANGE_LOOP_ANALYSIS = YES;
				CLANG_WARN_STRICT_PROTOTYPES = YES;
				CLANG_WARN_SUSPICIOUS_MOVE = YES;
				CLANG_WARN_UNGUARDED_AVAILABILITY = YES_AGGRESSIVE;
				CLANG_WARN_UNREACHABLE_CODE = YES;
				CLANG_WARN__DUPLICATE_METHOD_MATCH = YES;
				COPY_PHASE_STRIP = NO;
				DEBUG_INFORMATION_FORMAT = dwarf;
				ENABLE_STRICT_OBJC_MSGSEND = YES;
				ENABLE_TESTABILITY = YES;
				GCC_C_LANGUAGE_STANDARD = gnu11;
				GCC_DYNAMIC_NO_PIC = NO;
				GCC_NO_COMMON_BLOCKS = YES;
				GCC_OPTIMIZATION_LEVEL = 0;
				GCC_PREPROCESSOR_DEFINITIONS = (
					"DEBUG=1",
					"$(inherited)",
				);
				GCC_WARN_64_TO_32_BIT_CONVERSION = YES;
				GCC_WARN_ABOUT_RETURN_TYPE = YES_ERROR;
				GCC_WARN_UNDECLARED_SELECTOR = YES;
				GCC_WARN_UNINITIALIZED_AUTOS = YES_AGGRESSIVE;
				GCC_WARN_UNUSED_FUNCTION = YES;
				GCC_WARN_UNUSED_VARIABLE = YES;
				IPHONEOS_DEPLOYMENT_TARGET = 15.0;
				MTL_ENABLE_DEBUG_INFO = INCLUDE_SOURCE;
				MTL_FAST_MATH = YES;
				ONLY_ACTIVE_ARCH = YES;
				SDKROOT = iphoneos;
				SWIFT_ACTIVE_COMPILATION_CONDITIONS = DEBUG;
				SWIFT_OPTIMIZATION_LEVEL = "-Onone";
			};
			name = Debug;
		};
		3932EE42272B3A8B0020C500 /* Release */ = {
			isa = XCBuildConfiguration;
			buildSettings = {
				ALWAYS_SEARCH_USER_PATHS = NO;
				CLANG_ANALYZER_NONNULL = YES;
				CLANG_ANALYZER_NUMBER_OBJECT_CONVERSION = YES_AGGRESSIVE;
				CLANG_CXX_LANGUAGE_STANDARD = "gnu++17";
				CLANG_CXX_LIBRARY = "libc++";
				CLANG_ENABLE_MODULES = YES;
				CLANG_ENABLE_OBJC_ARC = YES;
				CLANG_ENABLE_OBJC_WEAK = YES;
				CLANG_WARN_BLOCK_CAPTURE_AUTORELEASING = YES;
				CLANG_WARN_BOOL_CONVERSION = YES;
				CLANG_WARN_COMMA = YES;
				CLANG_WARN_CONSTANT_CONVERSION = YES;
				CLANG_WARN_DEPRECATED_OBJC_IMPLEMENTATIONS = YES;
				CLANG_WARN_DIRECT_OBJC_ISA_USAGE = YES_ERROR;
				CLANG_WARN_DOCUMENTATION_COMMENTS = YES;
				CLANG_WARN_EMPTY_BODY = YES;
				CLANG_WARN_ENUM_CONVERSION = YES;
				CLANG_WARN_INFINITE_RECURSION = YES;
				CLANG_WARN_INT_CONVERSION = YES;
				CLANG_WARN_NON_LITERAL_NULL_CONVERSION = YES;
				CLANG_WARN_OBJC_IMPLICIT_RETAIN_SELF = YES;
				CLANG_WARN_OBJC_LITERAL_CONVERSION = YES;
				CLANG_WARN_OBJC_ROOT_CLASS = YES_ERROR;
				CLANG_WARN_QUOTED_INCLUDE_IN_FRAMEWORK_HEADER = YES;
				CLANG_WARN_RANGE_LOOP_ANALYSIS = YES;
				CLANG_WARN_STRICT_PROTOTYPES = YES;
				CLANG_WARN_SUSPICIOUS_MOVE = YES;
				CLANG_WARN_UNGUARDED_AVAILABILITY = YES_AGGRESSIVE;
				CLANG_WARN_UNREACHABLE_CODE = YES;
				CLANG_WARN__DUPLICATE_METHOD_MATCH = YES;
				COPY_PHASE_STRIP = NO;
				DEBUG_INFORMATION_FORMAT = "dwarf-with-dsym";
				ENABLE_NS_ASSERTIONS = NO;
				ENABLE_STRICT_OBJC_MSGSEND = YES;
				GCC_C_LANGUAGE_STANDARD = gnu11;
				GCC_NO_COMMON_BLOCKS = YES;
				GCC_WARN_64_TO_32_BIT_CONVERSION = YES;
				GCC_WARN_ABOUT_RETURN_TYPE = YES_ERROR;
				GCC_WARN_UNDECLARED_SELECTOR = YES;
				GCC_WARN_UNINITIALIZED_AUTOS = YES_AGGRESSIVE;
				GCC_WARN_UNUSED_FUNCTION = YES;
				GCC_WARN_UNUSED_VARIABLE = YES;
				IPHONEOS_DEPLOYMENT_TARGET = 15.0;
				MTL_ENABLE_DEBUG_INFO = NO;
				MTL_FAST_MATH = YES;
				SDKROOT = iphoneos;
				SWIFT_COMPILATION_MODE = wholemodule;
				SWIFT_OPTIMIZATION_LEVEL = "-O";
				VALIDATE_PRODUCT = YES;
			};
			name = Release;
		};
		3932EE44272B3A8B0020C500 /* Debug */ = {
			isa = XCBuildConfiguration;
			buildSettings = {
				ASSETCATALOG_COMPILER_APPICON_NAME = AppIcon;
				ASSETCATALOG_COMPILER_GLOBAL_ACCENT_COLOR_NAME = AccentColor;
				CODE_SIGN_STYLE = Automatic;
				CURRENT_PROJECT_VERSION = 1;
				DEVELOPMENT_ASSET_PATHS = "\"NumberRecognizer2.0/Preview Content\"";
				DEVELOPMENT_TEAM = 99C7MTZ366;
				ENABLE_PREVIEWS = YES;
				GENERATE_INFOPLIST_FILE = YES;
				INFOPLIST_KEY_UIApplicationSceneManifest_Generation = YES;
				INFOPLIST_KEY_UIApplicationSupportsIndirectInputEvents = YES;
				INFOPLIST_KEY_UILaunchScreen_Generation = YES;
				INFOPLIST_KEY_UISupportedInterfaceOrientations_iPad = "UIInterfaceOrientationPortrait UIInterfaceOrientationPortraitUpsideDown UIInterfaceOrientationLandscapeLeft UIInterfaceOrientationLandscapeRight";
				INFOPLIST_KEY_UISupportedInterfaceOrientations_iPhone = "UIInterfaceOrientationPortrait UIInterfaceOrientationLandscapeLeft UIInterfaceOrientationLandscapeRight";
				IPHONEOS_DEPLOYMENT_TARGET = 14.0;
				LD_RUNPATH_SEARCH_PATHS = (
					"$(inherited)",
					"@executable_path/Frameworks",
				);
				MARKETING_VERSION = 1.0;
				PRODUCT_BUNDLE_IDENTIFIER = "com.MarkKraay.NumberRecognizer2-0";
				PRODUCT_NAME = "$(TARGET_NAME)";
				SWIFT_EMIT_LOC_STRINGS = YES;
				SWIFT_VERSION = 5.0;
				TARGETED_DEVICE_FAMILY = "1,2";
			};
			name = Debug;
		};
		3932EE45272B3A8B0020C500 /* Release */ = {
			isa = XCBuildConfiguration;
			buildSettings = {
				ASSETCATALOG_COMPILER_APPICON_NAME = AppIcon;
				ASSETCATALOG_COMPILER_GLOBAL_ACCENT_COLOR_NAME = AccentColor;
				CODE_SIGN_STYLE = Automatic;
				CURRENT_PROJECT_VERSION = 1;
				DEVELOPMENT_ASSET_PATHS = "\"NumberRecognizer2.0/Preview Content\"";
				DEVELOPMENT_TEAM = 99C7MTZ366;
				ENABLE_PREVIEWS = YES;
				GENERATE_INFOPLIST_FILE = YES;
				INFOPLIST_KEY_UIApplicationSceneManifest_Generation = YES;
				INFOPLIST_KEY_UIApplicationSupportsIndirectInputEvents = YES;
				INFOPLIST_KEY_UILaunchScreen_Generation = YES;
				INFOPLIST_KEY_UISupportedInterfaceOrientations_iPad = "UIInterfaceOrientationPortrait UIInterfaceOrientationPortraitUpsideDown UIInterfaceOrientationLandscapeLeft UIInterfaceOrientationLandscapeRight";
				INFOPLIST_KEY_UISupportedInterfaceOrientations_iPhone = "UIInterfaceOrientationPortrait UIInterfaceOrientationLandscapeLeft UIInterfaceOrientationLandscapeRight";
				IPHONEOS_DEPLOYMENT_TARGET = 14.0;
				LD_RUNPATH_SEARCH_PATHS = (
					"$(inherited)",
					"@executable_path/Frameworks",
				);
				MARKETING_VERSION = 1.0;
				PRODUCT_BUNDLE_IDENTIFIER = "com.MarkKraay.NumberRecognizer2-0";
				PRODUCT_NAME = "$(TARGET_NAME)";
				SWIFT_EMIT_LOC_STRINGS = YES;
				SWIFT_VERSION = 5.0;
				TARGETED_DEVICE_FAMILY = "1,2";
			};
			name = Release;
		};
/* End XCBuildConfiguration section */

/* Begin XCConfigurationList section */
		3932EE30272B3A840020C500 /* Build configuration list for PBXProject "NumberRecognizer2.0" */ = {
			isa = XCConfigurationList;
			buildConfigurations = (
				3932EE41272B3A8B0020C500 /* Debug */,
				3932EE42272B3A8B0020C500 /* Release */,
			);
			defaultConfigurationIsVisible = 0;
			defaultConfigurationName = Release;
		};
		3932EE43272B3A8B0020C500 /* Build configuration list for PBXNativeTarget "NumberRecognizer2.0" */ = {
			isa = XCConfigurationList;
			buildConfigurations = (
				3932EE44272B3A8B0020C500 /* Debug */,
				3932EE45272B3A8B0020C500 /* Release */,
			);
			defaultConfigurationIsVisible = 0;
			defaultConfigurationName = Release;
		};
/* End XCConfigurationList section */
	};
	rootObject = 3932EE2D272B3A840020C500 /* Project object */;
}
